// !$*UTF8*$!
{
	archiveVersion = 1;
	classes = {
	};
	objectVersion = 56;
	objects = {

/* Begin PBXBuildFile section */
		7D40F7912B44FB5900124CDC /* ProjectOrganizer_iOSApp.swift in Sources */ = {isa = PBXBuildFile; fileRef = 7D40F7902B44FB5900124CDC /* ProjectOrganizer_iOSApp.swift */; };
		7D40F7932B44FB5900124CDC /* ContentView.swift in Sources */ = {isa = PBXBuildFile; fileRef = 7D40F7922B44FB5900124CDC /* ContentView.swift */; };
		7D40F7952B44FB5A00124CDC /* Assets.xcassets in Resources */ = {isa = PBXBuildFile; fileRef = 7D40F7942B44FB5A00124CDC /* Assets.xcassets */; };
		7D40F7982B44FB5A00124CDC /* Preview Assets.xcassets in Resources */ = {isa = PBXBuildFile; fileRef = 7D40F7972B44FB5A00124CDC /* Preview Assets.xcassets */; };
		7D40F7A02B44FEA700124CDC /* Project.swift in Sources */ = {isa = PBXBuildFile; fileRef = 7D40F79F2B44FEA700124CDC /* Project.swift */; };
		7D40F7A22B45004100124CDC /* Feature.swift in Sources */ = {isa = PBXBuildFile; fileRef = 7D40F7A12B45004100124CDC /* Feature.swift */; };
		7D40F7A52B4519F400124CDC /* NewProjectView.swift in Sources */ = {isa = PBXBuildFile; fileRef = 7D40F7A42B4519F400124CDC /* NewProjectView.swift */; };
		7D4A25732B63641D0064157F /* FeaturesCellView.swift in Sources */ = {isa = PBXBuildFile; fileRef = 7D4A25722B63641D0064157F /* FeaturesCellView.swift */; };
		7D4A25752B6365680064157F /* AddNotesView.swift in Sources */ = {isa = PBXBuildFile; fileRef = 7D4A25742B6365680064157F /* AddNotesView.swift */; };
		7D4A25782B6370030064157F /* Note.swift in Sources */ = {isa = PBXBuildFile; fileRef = 7D4A25772B6370030064157F /* Note.swift */; };
		7DF110742B464C87008D5043 /* ProjectCellView.swift in Sources */ = {isa = PBXBuildFile; fileRef = 7DF110732B464C87008D5043 /* ProjectCellView.swift */; };
		7DF110762B465DDA008D5043 /* ProjectOverviewView.swift in Sources */ = {isa = PBXBuildFile; fileRef = 7DF110752B465DDA008D5043 /* ProjectOverviewView.swift */; };
/* End PBXBuildFile section */

/* Begin PBXFileReference section */
		7D40F78D2B44FB5900124CDC /* ProjectOrganizer-iOS.app */ = {isa = PBXFileReference; explicitFileType = wrapper.application; includeInIndex = 0; path = "ProjectOrganizer-iOS.app"; sourceTree = BUILT_PRODUCTS_DIR; };
		7D40F7902B44FB5900124CDC /* ProjectOrganizer_iOSApp.swift */ = {isa = PBXFileReference; lastKnownFileType = sourcecode.swift; path = ProjectOrganizer_iOSApp.swift; sourceTree = "<group>"; };
		7D40F7922B44FB5900124CDC /* ContentView.swift */ = {isa = PBXFileReference; lastKnownFileType = sourcecode.swift; path = ContentView.swift; sourceTree = "<group>"; };
		7D40F7942B44FB5A00124CDC /* Assets.xcassets */ = {isa = PBXFileReference; lastKnownFileType = folder.assetcatalog; path = Assets.xcassets; sourceTree = "<group>"; };
		7D40F7972B44FB5A00124CDC /* Preview Assets.xcassets */ = {isa = PBXFileReference; lastKnownFileType = folder.assetcatalog; path = "Preview Assets.xcassets"; sourceTree = "<group>"; };
		7D40F79F2B44FEA700124CDC /* Project.swift */ = {isa = PBXFileReference; lastKnownFileType = sourcecode.swift; path = Project.swift; sourceTree = "<group>"; };
		7D40F7A12B45004100124CDC /* Feature.swift */ = {isa = PBXFileReference; lastKnownFileType = sourcecode.swift; path = Feature.swift; sourceTree = "<group>"; };
		7D40F7A42B4519F400124CDC /* NewProjectView.swift */ = {isa = PBXFileReference; lastKnownFileType = sourcecode.swift; path = NewProjectView.swift; sourceTree = "<group>"; };
		7D4A25722B63641D0064157F /* FeaturesCellView.swift */ = {isa = PBXFileReference; lastKnownFileType = sourcecode.swift; path = FeaturesCellView.swift; sourceTree = "<group>"; };
		7D4A25742B6365680064157F /* AddNotesView.swift */ = {isa = PBXFileReference; lastKnownFileType = sourcecode.swift; path = AddNotesView.swift; sourceTree = "<group>"; };
		7D4A25772B6370030064157F /* Note.swift */ = {isa = PBXFileReference; lastKnownFileType = sourcecode.swift; path = Note.swift; sourceTree = "<group>"; };
		7DF110732B464C87008D5043 /* ProjectCellView.swift */ = {isa = PBXFileReference; lastKnownFileType = sourcecode.swift; path = ProjectCellView.swift; sourceTree = "<group>"; };
		7DF110752B465DDA008D5043 /* ProjectOverviewView.swift */ = {isa = PBXFileReference; lastKnownFileType = sourcecode.swift; path = ProjectOverviewView.swift; sourceTree = "<group>"; };
/* End PBXFileReference section */

/* Begin PBXFrameworksBuildPhase section */
		7D40F78A2B44FB5900124CDC /* Frameworks */ = {
			isa = PBXFrameworksBuildPhase;
			buildActionMask = 2147483647;
			files = (
			);
			runOnlyForDeploymentPostprocessing = 0;
		};
/* End PBXFrameworksBuildPhase section */

/* Begin PBXGroup section */
		7D40F7842B44FB5800124CDC = {
			isa = PBXGroup;
			children = (
				7D40F78F2B44FB5900124CDC /* ProjectOrganizer-iOS */,
				7D40F78E2B44FB5900124CDC /* Products */,
			);
			sourceTree = "<group>";
		};
		7D40F78E2B44FB5900124CDC /* Products */ = {
			isa = PBXGroup;
			children = (
				7D40F78D2B44FB5900124CDC /* ProjectOrganizer-iOS.app */,
			);
			name = Products;
			sourceTree = "<group>";
		};
		7D40F78F2B44FB5900124CDC /* ProjectOrganizer-iOS */ = {
			isa = PBXGroup;
			children = (
				7D40F7902B44FB5900124CDC /* ProjectOrganizer_iOSApp.swift */,
				7D40F79E2B44FE9A00124CDC /* Model */,
				7D40F7A32B4514B700124CDC /* View */,
				7D40F7922B44FB5900124CDC /* ContentView.swift */,
				7D40F7942B44FB5A00124CDC /* Assets.xcassets */,
				7D40F7962B44FB5A00124CDC /* Preview Content */,
			);
			path = "ProjectOrganizer-iOS";
			sourceTree = "<group>";
		};
		7D40F7962B44FB5A00124CDC /* Preview Content */ = {
			isa = PBXGroup;
			children = (
				7D40F7972B44FB5A00124CDC /* Preview Assets.xcassets */,
			);
			path = "Preview Content";
			sourceTree = "<group>";
		};
		7D40F79E2B44FE9A00124CDC /* Model */ = {
			isa = PBXGroup;
			children = (
				7D40F79F2B44FEA700124CDC /* Project.swift */,
				7D40F7A12B45004100124CDC /* Feature.swift */,
				7D4A25772B6370030064157F /* Note.swift */,
			);
			path = Model;
			sourceTree = "<group>";
		};
		7D40F7A32B4514B700124CDC /* View */ = {
			isa = PBXGroup;
			children = (
				7D4A25712B6363E50064157F /* Project Overview */,
				7D40F7A42B4519F400124CDC /* NewProjectView.swift */,
				7DF110732B464C87008D5043 /* ProjectCellView.swift */,
			);
			path = View;
			sourceTree = "<group>";
		};
		7D4A25712B6363E50064157F /* Project Overview */ = {
			isa = PBXGroup;
			children = (
				7DF110752B465DDA008D5043 /* ProjectOverviewView.swift */,
				7D4A25722B63641D0064157F /* FeaturesCellView.swift */,
				7D4A25742B6365680064157F /* AddNotesView.swift */,
			);
			path = "Project Overview";
			sourceTree = "<group>";
		};
/* End PBXGroup section */

/* Begin PBXNativeTarget section */
		7D40F78C2B44FB5900124CDC /* ProjectOrganizer-iOS */ = {
			isa = PBXNativeTarget;
			buildConfigurationList = 7D40F79B2B44FB5A00124CDC /* Build configuration list for PBXNativeTarget "ProjectOrganizer-iOS" */;
			buildPhases = (
				7D40F7892B44FB5900124CDC /* Sources */,
				7D40F78A2B44FB5900124CDC /* Frameworks */,
				7D40F78B2B44FB5900124CDC /* Resources */,
			);
			buildRules = (
			);
			dependencies = (
			);
			name = "ProjectOrganizer-iOS";
			productName = "ProjectOrganizer-iOS";
			productReference = 7D40F78D2B44FB5900124CDC /* ProjectOrganizer-iOS.app */;
			productType = "com.apple.product-type.application";
		};
/* End PBXNativeTarget section */

/* Begin PBXProject section */
		7D40F7852B44FB5900124CDC /* Project object */ = {
			isa = PBXProject;
			attributes = {
				BuildIndependentTargetsInParallel = 1;
				LastSwiftUpdateCheck = 1510;
				LastUpgradeCheck = 1510;
				TargetAttributes = {
					7D40F78C2B44FB5900124CDC = {
						CreatedOnToolsVersion = 15.1;
					};
				};
			};
			buildConfigurationList = 7D40F7882B44FB5900124CDC /* Build configuration list for PBXProject "ProjectOrganizer-iOS" */;
			compatibilityVersion = "Xcode 14.0";
			developmentRegion = en;
			hasScannedForEncodings = 0;
			knownRegions = (
				en,
				Base,
			);
			mainGroup = 7D40F7842B44FB5800124CDC;
			productRefGroup = 7D40F78E2B44FB5900124CDC /* Products */;
			projectDirPath = "";
			projectRoot = "";
			targets = (
				7D40F78C2B44FB5900124CDC /* ProjectOrganizer-iOS */,
			);
		};
/* End PBXProject section */

/* Begin PBXResourcesBuildPhase section */
		7D40F78B2B44FB5900124CDC /* Resources */ = {
			isa = PBXResourcesBuildPhase;
			buildActionMask = 2147483647;
			files = (
				7D40F7982B44FB5A00124CDC /* Preview Assets.xcassets in Resources */,
				7D40F7952B44FB5A00124CDC /* Assets.xcassets in Resources */,
			);
			runOnlyForDeploymentPostprocessing = 0;
		};
/* End PBXResourcesBuildPhase section */

/* Begin PBXSourcesBuildPhase section */
		7D40F7892B44FB5900124CDC /* Sources */ = {
			isa = PBXSourcesBuildPhase;
			buildActionMask = 2147483647;
			files = (
				7DF110742B464C87008D5043 /* ProjectCellView.swift in Sources */,
				7D40F7A22B45004100124CDC /* Feature.swift in Sources */,
				7D40F7A52B4519F400124CDC /* NewProjectView.swift in Sources */,
				7D4A25732B63641D0064157F /* FeaturesCellView.swift in Sources */,
				7D40F7932B44FB5900124CDC /* ContentView.swift in Sources */,
				7D4A25782B6370030064157F /* Note.swift in Sources */,
				7DF110762B465DDA008D5043 /* ProjectOverviewView.swift in Sources */,
				7D40F7912B44FB5900124CDC /* ProjectOrganizer_iOSApp.swift in Sources */,
				7D4A25752B6365680064157F /* AddNotesView.swift in Sources */,
				7D40F7A02B44FEA700124CDC /* Project.swift in Sources */,
			);
			runOnlyForDeploymentPostprocessing = 0;
		};
/* End PBXSourcesBuildPhase section */

/* Begin XCBuildConfiguration section */
		7D40F7992B44FB5A00124CDC /* Debug */ = {
			isa = XCBuildConfiguration;
			buildSettings = {
				ALWAYS_SEARCH_USER_PATHS = NO;
				ASSETCATALOG_COMPILER_GENERATE_SWIFT_ASSET_SYMBOL_EXTENSIONS = YES;
				CLANG_ANALYZER_NONNULL = YES;
				CLANG_ANALYZER_NUMBER_OBJECT_CONVERSION = YES_AGGRESSIVE;
				CLANG_CXX_LANGUAGE_STANDARD = "gnu++20";
				CLANG_ENABLE_MODULES = YES;
				CLANG_ENABLE_OBJC_ARC = YES;
				CLANG_ENABLE_OBJC_WEAK = YES;
				CLANG_WARN_BLOCK_CAPTURE_AUTORELEASING = YES;
				CLANG_WARN_BOOL_CONVERSION = YES;
				CLANG_WARN_COMMA = YES;
				CLANG_WARN_CONSTANT_CONVERSION = YES;
				CLANG_WARN_DEPRECATED_OBJC_IMPLEMENTATIONS = YES;
				CLANG_WARN_DIRECT_OBJC_ISA_USAGE = YES_ERROR;
				CLANG_WARN_DOCUMENTATION_COMMENTS = YES;
				CLANG_WARN_EMPTY_BODY = YES;
				CLANG_WARN_ENUM_CONVERSION = YES;
				CLANG_WARN_INFINITE_RECURSION = YES;
				CLANG_WARN_INT_CONVERSION = YES;
				CLANG_WARN_NON_LITERAL_NULL_CONVERSION = YES;
				CLANG_WARN_OBJC_IMPLICIT_RETAIN_SELF = YES;
				CLANG_WARN_OBJC_LITERAL_CONVERSION = YES;
				CLANG_WARN_OBJC_ROOT_CLASS = YES_ERROR;
				CLANG_WARN_QUOTED_INCLUDE_IN_FRAMEWORK_HEADER = YES;
				CLANG_WARN_RANGE_LOOP_ANALYSIS = YES;
				CLANG_WARN_STRICT_PROTOTYPES = YES;
				CLANG_WARN_SUSPICIOUS_MOVE = YES;
				CLANG_WARN_UNGUARDED_AVAILABILITY = YES_AGGRESSIVE;
				CLANG_WARN_UNREACHABLE_CODE = YES;
				CLANG_WARN__DUPLICATE_METHOD_MATCH = YES;
				COPY_PHASE_STRIP = NO;
				DEBUG_INFORMATION_FORMAT = dwarf;
				ENABLE_STRICT_OBJC_MSGSEND = YES;
				ENABLE_TESTABILITY = YES;
				ENABLE_USER_SCRIPT_SANDBOXING = YES;
				GCC_C_LANGUAGE_STANDARD = gnu17;
				GCC_DYNAMIC_NO_PIC = NO;
				GCC_NO_COMMON_BLOCKS = YES;
				GCC_OPTIMIZATION_LEVEL = 0;
				GCC_PREPROCESSOR_DEFINITIONS = (
					"DEBUG=1",
					"$(inherited)",
				);
				GCC_WARN_64_TO_32_BIT_CONVERSION = YES;
				GCC_WARN_ABOUT_RETURN_TYPE = YES_ERROR;
				GCC_WARN_UNDECLARED_SELECTOR = YES;
				GCC_WARN_UNINITIALIZED_AUTOS = YES_AGGRESSIVE;
				GCC_WARN_UNUSED_FUNCTION = YES;
				GCC_WARN_UNUSED_VARIABLE = YES;
				IPHONEOS_DEPLOYMENT_TARGET = 17.2;
				LOCALIZATION_PREFERS_STRING_CATALOGS = YES;
				MTL_ENABLE_DEBUG_INFO = INCLUDE_SOURCE;
				MTL_FAST_MATH = YES;
				ONLY_ACTIVE_ARCH = YES;
				SDKROOT = iphoneos;
				SWIFT_ACTIVE_COMPILATION_CONDITIONS = "DEBUG $(inherited)";
				SWIFT_OPTIMIZATION_LEVEL = "-Onone";
			};
			name = Debug;
		};
		7D40F79A2B44FB5A00124CDC /* Release */ = {
			isa = XCBuildConfiguration;
			buildSettings = {
				ALWAYS_SEARCH_USER_PATHS = NO;
				ASSETCATALOG_COMPILER_GENERATE_SWIFT_ASSET_SYMBOL_EXTENSIONS = YES;
				CLANG_ANALYZER_NONNULL = YES;
				CLANG_ANALYZER_NUMBER_OBJECT_CONVERSION = YES_AGGRESSIVE;
				CLANG_CXX_LANGUAGE_STANDARD = "gnu++20";
				CLANG_ENABLE_MODULES = YES;
				CLANG_ENABLE_OBJC_ARC = YES;
				CLANG_ENABLE_OBJC_WEAK = YES;
				CLANG_WARN_BLOCK_CAPTURE_AUTORELEASING = YES;
				CLANG_WARN_BOOL_CONVERSION = YES;
				CLANG_WARN_COMMA = YES;
				CLANG_WARN_CONSTANT_CONVERSION = YES;
				CLANG_WARN_DEPRECATED_OBJC_IMPLEMENTATIONS = YES;
				CLANG_WARN_DIRECT_OBJC_ISA_USAGE = YES_ERROR;
				CLANG_WARN_DOCUMENTATION_COMMENTS = YES;
				CLANG_WARN_EMPTY_BODY = YES;
				CLANG_WARN_ENUM_CONVERSION = YES;
				CLANG_WARN_INFINITE_RECURSION = YES;
				CLANG_WARN_INT_CONVERSION = YES;
				CLANG_WARN_NON_LITERAL_NULL_CONVERSION = YES;
				CLANG_WARN_OBJC_IMPLICIT_RETAIN_SELF = YES;
				CLANG_WARN_OBJC_LITERAL_CONVERSION = YES;
				CLANG_WARN_OBJC_ROOT_CLASS = YES_ERROR;
				CLANG_WARN_QUOTED_INCLUDE_IN_FRAMEWORK_HEADER = YES;
				CLANG_WARN_RANGE_LOOP_ANALYSIS = YES;
				CLANG_WARN_STRICT_PROTOTYPES = YES;
				CLANG_WARN_SUSPICIOUS_MOVE = YES;
				CLANG_WARN_UNGUARDED_AVAILABILITY = YES_AGGRESSIVE;
				CLANG_WARN_UNREACHABLE_CODE = YES;
				CLANG_WARN__DUPLICATE_METHOD_MATCH = YES;
				COPY_PHASE_STRIP = NO;
				DEBUG_INFORMATION_FORMAT = "dwarf-with-dsym";
				ENABLE_NS_ASSERTIONS = NO;
				ENABLE_STRICT_OBJC_MSGSEND = YES;
				ENABLE_USER_SCRIPT_SANDBOXING = YES;
				GCC_C_LANGUAGE_STANDARD = gnu17;
				GCC_NO_COMMON_BLOCKS = YES;
				GCC_WARN_64_TO_32_BIT_CONVERSION = YES;
				GCC_WARN_ABOUT_RETURN_TYPE = YES_ERROR;
				GCC_WARN_UNDECLARED_SELECTOR = YES;
				GCC_WARN_UNINITIALIZED_AUTOS = YES_AGGRESSIVE;
				GCC_WARN_UNUSED_FUNCTION = YES;
				GCC_WARN_UNUSED_VARIABLE = YES;
				IPHONEOS_DEPLOYMENT_TARGET = 17.2;
				LOCALIZATION_PREFERS_STRING_CATALOGS = YES;
				MTL_ENABLE_DEBUG_INFO = NO;
				MTL_FAST_MATH = YES;
				SDKROOT = iphoneos;
				SWIFT_COMPILATION_MODE = wholemodule;
				VALIDATE_PRODUCT = YES;
			};
			name = Release;
		};
		7D40F79C2B44FB5A00124CDC /* Debug */ = {
			isa = XCBuildConfiguration;
			buildSettings = {
				ASSETCATALOG_COMPILER_APPICON_NAME = AppIcon;
				ASSETCATALOG_COMPILER_GLOBAL_ACCENT_COLOR_NAME = AccentColor;
				CODE_SIGN_STYLE = Automatic;
				CURRENT_PROJECT_VERSION = 1;
				DEVELOPMENT_ASSET_PATHS = "\"ProjectOrganizer-iOS/Preview Content\"";
				DEVELOPMENT_TEAM = 36V4VFDU99;
				ENABLE_PREVIEWS = YES;
				GENERATE_INFOPLIST_FILE = YES;
				INFOPLIST_KEY_UIApplicationSceneManifest_Generation = YES;
				INFOPLIST_KEY_UIApplicationSupportsIndirectInputEvents = YES;
				INFOPLIST_KEY_UILaunchScreen_Generation = YES;
				INFOPLIST_KEY_UISupportedInterfaceOrientations_iPad = "UIInterfaceOrientationPortrait UIInterfaceOrientationPortraitUpsideDown UIInterfaceOrientationLandscapeLeft UIInterfaceOrientationLandscapeRight";
				INFOPLIST_KEY_UISupportedInterfaceOrientations_iPhone = "UIInterfaceOrientationPortrait UIInterfaceOrientationLandscapeLeft UIInterfaceOrientationLandscapeRight";
				LD_RUNPATH_SEARCH_PATHS = (
					"$(inherited)",
					"@executable_path/Frameworks",
				);
				MARKETING_VERSION = 1.0;
				PRODUCT_BUNDLE_IDENTIFIER = "com.alexhernandez.ProjectOrganizer-iOS";
				PRODUCT_NAME = "$(TARGET_NAME)";
				SWIFT_EMIT_LOC_STRINGS = YES;
				SWIFT_VERSION = 5.0;
				TARGETED_DEVICE_FAMILY = "1,2";
			};
			name = Debug;
		};
		7D40F79D2B44FB5A00124CDC /* Release */ = {
			isa = XCBuildConfiguration;
			buildSettings = {
				ASSETCATALOG_COMPILER_APPICON_NAME = AppIcon;
				ASSETCATALOG_COMPILER_GLOBAL_ACCENT_COLOR_NAME = AccentColor;
				CODE_SIGN_STYLE = Automatic;
				CURRENT_PROJECT_VERSION = 1;
				DEVELOPMENT_ASSET_PATHS = "\"ProjectOrganizer-iOS/Preview Content\"";
				DEVELOPMENT_TEAM = 36V4VFDU99;
				ENABLE_PREVIEWS = YES;
				GENERATE_INFOPLIST_FILE = YES;
				INFOPLIST_KEY_UIApplicationSceneManifest_Generation = YES;
				INFOPLIST_KEY_UIApplicationSupportsIndirectInputEvents = YES;
				INFOPLIST_KEY_UILaunchScreen_Generation = YES;
				INFOPLIST_KEY_UISupportedInterfaceOrientations_iPad = "UIInterfaceOrientationPortrait UIInterfaceOrientationPortraitUpsideDown UIInterfaceOrientationLandscapeLeft UIInterfaceOrientationLandscapeRight";
				INFOPLIST_KEY_UISupportedInterfaceOrientations_iPhone = "UIInterfaceOrientationPortrait UIInterfaceOrientationLandscapeLeft UIInterfaceOrientationLandscapeRight";
				LD_RUNPATH_SEARCH_PATHS = (
					"$(inherited)",
					"@executable_path/Frameworks",
				);
				MARKETING_VERSION = 1.0;
				PRODUCT_BUNDLE_IDENTIFIER = "com.alexhernandez.ProjectOrganizer-iOS";
				PRODUCT_NAME = "$(TARGET_NAME)";
				SWIFT_EMIT_LOC_STRINGS = YES;
				SWIFT_VERSION = 5.0;
				TARGETED_DEVICE_FAMILY = "1,2";
			};
			name = Release;
		};
/* End XCBuildConfiguration section */

/* Begin XCConfigurationList section */
		7D40F7882B44FB5900124CDC /* Build configuration list for PBXProject "ProjectOrganizer-iOS" */ = {
			isa = XCConfigurationList;
			buildConfigurations = (
				7D40F7992B44FB5A00124CDC /* Debug */,
				7D40F79A2B44FB5A00124CDC /* Release */,
			);
			defaultConfigurationIsVisible = 0;
			defaultConfigurationName = Release;
		};
		7D40F79B2B44FB5A00124CDC /* Build configuration list for PBXNativeTarget "ProjectOrganizer-iOS" */ = {
			isa = XCConfigurationList;
			buildConfigurations = (
				7D40F79C2B44FB5A00124CDC /* Debug */,
				7D40F79D2B44FB5A00124CDC /* Release */,
			);
			defaultConfigurationIsVisible = 0;
			defaultConfigurationName = Release;
		};
/* End XCConfigurationList section */
	};
	rootObject = 7D40F7852B44FB5900124CDC /* Project object */;
}
